
Microsoft Visual Studio Solution File, Format Version 12.00
# Visual Studio Version 17
VisualStudioVersion = 17.0.31903.59
MinimumVisualStudioVersion = 10.0.40219.1
Project("{FAE04EC0-301F-11D3-BF4B-00C04F79EFBC}") = "Part04Ex01", "Part04Ex01\Part04Ex01.csproj", "{F03EE85A-C832-420E-A1EA-F36C26B2C6E1}"
EndProject
Global
	GlobalSection(SolutionConfigurationPlatforms) = preSolution
		Debug|Any CPU = Debug|Any CPU
		Release|Any CPU = Release|Any CPU
	EndGlobalSection
	GlobalSection(SolutionProperties) = preSolution
		HideSolutionNode = FALSE
	EndGlobalSection
	GlobalSection(ProjectConfigurationPlatforms) = postSolution
		{F03EE85A-C832-420E-A1EA-F36C26B2C6E1}.Debug|Any CPU.ActiveCfg = Debug|Any CPU
		{F03EE85A-C832-420E-A1EA-F36C26B2C6E1}.Debug|Any CPU.Build.0 = Debug|Any CPU
		{F03EE85A-C832-420E-A1EA-F36C26B2C6E1}.Release|Any CPU.ActiveCfg = Release|Any CPU
		{F03EE85A-C832-420E-A1EA-F36C26B2C6E1}.Release|Any CPU.Build.0 = Release|Any CPU
	EndGlobalSection
EndGlobal
